// !$*UTF8*$!
{
	archiveVersion = 1;
	classes = {
	};
	objectVersion = 46;
	objects = {

/* Begin PBXBuildFile section */
		FA6359A61CBB58A600560226 /* ParasiteRuntime.framework in Frameworks */ = {isa = PBXBuildFile; fileRef = FA6359A51CBB58A600560226 /* ParasiteRuntime.framework */; };
		FA6359DB1CBB5B9C00560226 /* Tweak.m in Sources */ = {isa = PBXBuildFile; fileRef = FA6359DA1CBB5B9C00560226 /* Tweak.m */; };
		FA6359DE1CBB5FEC00560226 /* daemon.m in Sources */ = {isa = PBXBuildFile; fileRef = FA6359DC1CBB5FEC00560226 /* daemon.m */; };
		FA6359E01CBB624C00560226 /* RocketBootstrap.framework in Frameworks */ = {isa = PBXBuildFile; fileRef = FA6359DF1CBB624C00560226 /* RocketBootstrap.framework */; };
/* End PBXBuildFile section */

/* Begin PBXFileReference section */
		FA6359A21CBB58A600560226 /* RocketBootstrap.bundle */ = {isa = PBXFileReference; explicitFileType = wrapper.cfbundle; includeInIndex = 0; path = RocketBootstrap.bundle; sourceTree = BUILT_PRODUCTS_DIR; };
		FA6359A51CBB58A600560226 /* ParasiteRuntime.framework */ = {isa = PBXFileReference; lastKnownFileType = wrapper.framework; name = ParasiteRuntime.framework; path = Library/Frameworks/ParasiteRuntime.framework; sourceTree = DEVELOPER_DIR; };
		FA6359AA1CBB58A600560226 /* Info.plist */ = {isa = PBXFileReference; lastKnownFileType = text.plist.xml; path = Info.plist; sourceTree = "<group>"; };
		FA6359DA1CBB5B9C00560226 /* Tweak.m */ = {isa = PBXFileReference; fileEncoding = 4; lastKnownFileType = sourcecode.c.objc; path = Tweak.m; sourceTree = "<group>"; };
		FA6359DC1CBB5FEC00560226 /* daemon.m */ = {isa = PBXFileReference; fileEncoding = 4; lastKnownFileType = sourcecode.c.objc; path = daemon.m; sourceTree = "<group>"; };
		FA6359DD1CBB5FEC00560226 /* daemon.h */ = {isa = PBXFileReference; fileEncoding = 4; lastKnownFileType = sourcecode.c.h; path = daemon.h; sourceTree = "<group>"; };
		FA6359DF1CBB624C00560226 /* RocketBootstrap.framework */ = {isa = PBXFileReference; lastKnownFileType = wrapper.framework; name = RocketBootstrap.framework; path = ../Framework/build/Debug/RocketBootstrap.framework; sourceTree = "<group>"; };
/* End PBXFileReference section */

/* Begin PBXFrameworksBuildPhase section */
		FA63599F1CBB58A600560226 /* Frameworks */ = {
			isa = PBXFrameworksBuildPhase;
			buildActionMask = 2147483647;
			files = (
				FA6359A61CBB58A600560226 /* ParasiteRuntime.framework in Frameworks */,
				FA6359E01CBB624C00560226 /* RocketBootstrap.framework in Frameworks */,
			);
			runOnlyForDeploymentPostprocessing = 0;
		};
/* End PBXFrameworksBuildPhase section */

/* Begin PBXGroup section */
		FA6359991CBB58A600560226 = {
			isa = PBXGroup;
			children = (
				FA6359A71CBB58A600560226 /* Tweak */,
				FA6359A41CBB58A600560226 /* Frameworks */,
				FA6359A31CBB58A600560226 /* Products */,
			);
			sourceTree = "<group>";
		};
		FA6359A31CBB58A600560226 /* Products */ = {
			isa = PBXGroup;
			children = (
				FA6359A21CBB58A600560226 /* RocketBootstrap.bundle */,
			);
			name = Products;
			sourceTree = "<group>";
		};
		FA6359A41CBB58A600560226 /* Frameworks */ = {
			isa = PBXGroup;
			children = (
				FA6359DF1CBB624C00560226 /* RocketBootstrap.framework */,
				FA6359A51CBB58A600560226 /* ParasiteRuntime.framework */,
			);
			name = Frameworks;
			sourceTree = "<group>";
		};
		FA6359A71CBB58A600560226 /* Tweak */ = {
			isa = PBXGroup;
			children = (
				FA6359DA1CBB5B9C00560226 /* Tweak.m */,
				FA6359DD1CBB5FEC00560226 /* daemon.h */,
				FA6359DC1CBB5FEC00560226 /* daemon.m */,
				FA6359AA1CBB58A600560226 /* Info.plist */,
			);
			path = Tweak;
			sourceTree = "<group>";
		};
/* End PBXGroup section */

/* Begin PBXNativeTarget section */
		FA6359A11CBB58A600560226 /* RocketBootstrap */ = {
			isa = PBXNativeTarget;
			buildConfigurationList = FA6359AD1CBB58A600560226 /* Build configuration list for PBXNativeTarget "RocketBootstrap" */;
			buildPhases = (
				FA63599E1CBB58A600560226 /* Sources */,
				FA63599F1CBB58A600560226 /* Frameworks */,
				FA6359A01CBB58A600560226 /* Resources */,
			);
			buildRules = (
			);
			dependencies = (
			);
			name = RocketBootstrap;
			productName = Tweak;
			productReference = FA6359A21CBB58A600560226 /* RocketBootstrap.bundle */;
			productType = "com.apple.product-type.bundle";
		};
/* End PBXNativeTarget section */

/* Begin PBXProject section */
		FA63599A1CBB58A600560226 /* Project object */ = {
			isa = PBXProject;
			attributes = {
				LastUpgradeCheck = 0730;
				ORGANIZATIONNAME = Parasite;
				TargetAttributes = {
					FA6359A11CBB58A600560226 = {
						CreatedOnToolsVersion = 7.3;
					};
				};
			};
			buildConfigurationList = FA63599D1CBB58A600560226 /* Build configuration list for PBXProject "Tweak" */;
			compatibilityVersion = "Xcode 3.2";
			developmentRegion = English;
			hasScannedForEncodings = 0;
			knownRegions = (
				en,
			);
			mainGroup = FA6359991CBB58A600560226;
			productRefGroup = FA6359A31CBB58A600560226 /* Products */;
			projectDirPath = "";
			projectRoot = "";
			targets = (
				FA6359A11CBB58A600560226 /* RocketBootstrap */,
			);
		};
/* End PBXProject section */

/* Begin PBXResourcesBuildPhase section */
		FA6359A01CBB58A600560226 /* Resources */ = {
			isa = PBXResourcesBuildPhase;
			buildActionMask = 2147483647;
			files = (
			);
			runOnlyForDeploymentPostprocessing = 0;
		};
/* End PBXResourcesBuildPhase section */

/* Begin PBXSourcesBuildPhase section */
		FA63599E1CBB58A600560226 /* Sources */ = {
			isa = PBXSourcesBuildPhase;
			buildActionMask = 2147483647;
			files = (
				FA6359DB1CBB5B9C00560226 /* Tweak.m in Sources */,
				FA6359DE1CBB5FEC00560226 /* daemon.m in Sources */,
			);
			runOnlyForDeploymentPostprocessing = 0;
		};
/* End PBXSourcesBuildPhase section */

/* Begin XCBuildConfiguration section */
		FA6359AB1CBB58A600560226 /* Debug */ = {
			isa = XCBuildConfiguration;
			buildSettings = {
				ALWAYS_SEARCH_USER_PATHS = NO;
				CLANG_ANALYZER_NONNULL = YES;
				CLANG_CXX_LANGUAGE_STANDARD = "gnu++0x";
				CLANG_CXX_LIBRARY = "libc++";
				CLANG_ENABLE_MODULES = YES;
				CLANG_ENABLE_OBJC_ARC = YES;
				CLANG_WARN_BOOL_CONVERSION = YES;
				CLANG_WARN_CONSTANT_CONVERSION = YES;
				CLANG_WARN_DIRECT_OBJC_ISA_USAGE = YES_ERROR;
				CLANG_WARN_EMPTY_BODY = YES;
				CLANG_WARN_ENUM_CONVERSION = YES;
				CLANG_WARN_INT_CONVERSION = YES;
				CLANG_WARN_OBJC_ROOT_CLASS = YES_ERROR;
				CLANG_WARN_UNREACHABLE_CODE = YES;
				CLANG_WARN__DUPLICATE_METHOD_MATCH = YES;
				CODE_SIGN_IDENTITY = "-";
				COPY_PHASE_STRIP = NO;
				DEBUG_INFORMATION_FORMAT = dwarf;
				ENABLE_STRICT_OBJC_MSGSEND = YES;
				ENABLE_TESTABILITY = YES;
				GCC_C_LANGUAGE_STANDARD = gnu99;
				GCC_DYNAMIC_NO_PIC = NO;
				GCC_NO_COMMON_BLOCKS = YES;
				GCC_OPTIMIZATION_LEVEL = 0;
				GCC_PREPROCESSOR_DEFINITIONS = (
					"DEBUG=1",
					"$(inherited)",
				);
				GCC_WARN_64_TO_32_BIT_CONVERSION = YES;
				GCC_WARN_ABOUT_RETURN_TYPE = YES_ERROR;
				GCC_WARN_UNDECLARED_SELECTOR = YES;
				GCC_WARN_UNINITIALIZED_AUTOS = YES_AGGRESSIVE;
				GCC_WARN_UNUSED_FUNCTION = YES;
				GCC_WARN_UNUSED_VARIABLE = YES;
				MACOSX_DEPLOYMENT_TARGET = 10.11;
				MTL_ENABLE_DEBUG_INFO = YES;
				ONLY_ACTIVE_ARCH = YES;
				SDKROOT = macosx;
			};
			name = Debug;
		};
		FA6359AC1CBB58A600560226 /* Release */ = {
			isa = XCBuildConfiguration;
			buildSettings = {
				ALWAYS_SEARCH_USER_PATHS = NO;
				CLANG_ANALYZER_NONNULL = YES;
				CLANG_CXX_LANGUAGE_STANDARD = "gnu++0x";
				CLANG_CXX_LIBRARY = "libc++";
				CLANG_ENABLE_MODULES = YES;
				CLANG_ENABLE_OBJC_ARC = YES;
				CLANG_WARN_BOOL_CONVERSION = YES;
				CLANG_WARN_CONSTANT_CONVERSION = YES;
				CLANG_WARN_DIRECT_OBJC_ISA_USAGE = YES_ERROR;
				CLANG_WARN_EMPTY_BODY = YES;
				CLANG_WARN_ENUM_CONVERSION = YES;
				CLANG_WARN_INT_CONVERSION = YES;
				CLANG_WARN_OBJC_ROOT_CLASS = YES_ERROR;
				CLANG_WARN_UNREACHABLE_CODE = YES;
				CLANG_WARN__DUPLICATE_METHOD_MATCH = YES;
				CODE_SIGN_IDENTITY = "-";
				COPY_PHASE_STRIP = NO;
				DEBUG_INFORMATION_FORMAT = "dwarf-with-dsym";
				ENABLE_NS_ASSERTIONS = NO;
				ENABLE_STRICT_OBJC_MSGSEND = YES;
				GCC_C_LANGUAGE_STANDARD = gnu99;
				GCC_NO_COMMON_BLOCKS = YES;
				GCC_WARN_64_TO_32_BIT_CONVERSION = YES;
				GCC_WARN_ABOUT_RETURN_TYPE = YES_ERROR;
				GCC_WARN_UNDECLARED_SELECTOR = YES;
				GCC_WARN_UNINITIALIZED_AUTOS = YES_AGGRESSIVE;
				GCC_WARN_UNUSED_FUNCTION = YES;
				GCC_WARN_UNUSED_VARIABLE = YES;
				MACOSX_DEPLOYMENT_TARGET = 10.11;
				MTL_ENABLE_DEBUG_INFO = NO;
				SDKROOT = macosx;
			};
			name = Release;
		};
		FA6359AE1CBB58A600560226 /* Debug */ = {
			isa = XCBuildConfiguration;
			buildSettings = {
				ALWAYS_SEARCH_USER_PATHS = YES;
				COMBINE_HIDPI_IMAGES = YES;
				FRAMEWORK_SEARCH_PATHS = /Library/Frameworks/;
				HEADER_SEARCH_PATHS = "$(SRCROOT)/../";
				INFOPLIST_FILE = Tweak/Info.plist;
				INSTALL_PATH = "$(LOCAL_LIBRARY_DIR)/Bundles";
				PRODUCT_BUNDLE_IDENTIFIER = "com.parasite.$(PRODUCT_NAME)";
				PRODUCT_NAME = RocketBootstrap;
				SKIP_INSTALL = YES;
				WRAPPER_EXTENSION = bundle;
			};
			name = Debug;
		};
		FA6359AF1CBB58A600560226 /* Release */ = {
			isa = XCBuildConfiguration;
			buildSettings = {
				ALWAYS_SEARCH_USER_PATHS = YES;
				COMBINE_HIDPI_IMAGES = YES;
				FRAMEWORK_SEARCH_PATHS = /Library/Frameworks/;
				HEADER_SEARCH_PATHS = "$(SRCROOT)/../";
				INFOPLIST_FILE = Tweak/Info.plist;
				INSTALL_PATH = "$(LOCAL_LIBRARY_DIR)/Bundles";
				PRODUCT_BUNDLE_IDENTIFIER = "com.parasite.$(PRODUCT_NAME)";
				PRODUCT_NAME = RocketBootstrap;
				SKIP_INSTALL = YES;
				WRAPPER_EXTENSION = bundle;
			};
			name = Release;
		};
/* End XCBuildConfiguration section */

/* Begin XCConfigurationList section */
		FA63599D1CBB58A600560226 /* Build configuration list for PBXProject "Tweak" */ = {
			isa = XCConfigurationList;
			buildConfigurations = (
				FA6359AB1CBB58A600560226 /* Debug */,
				FA6359AC1CBB58A600560226 /* Release */,
			);
			defaultConfigurationIsVisible = 0;
			defaultConfigurationName = Release;
		};
		FA6359AD1CBB58A600560226 /* Build configuration list for PBXNativeTarget "RocketBootstrap" */ = {
			isa = XCConfigurationList;
			buildConfigurations = (
				FA6359AE1CBB58A600560226 /* Debug */,
				FA6359AF1CBB58A600560226 /* Release */,
			);
			defaultConfigurationIsVisible = 0;
		};
/* End XCConfigurationList section */
	};
	rootObject = FA63599A1CBB58A600560226 /* Project object */;
}
